
Microsoft Visual Studio Solution File, Format Version 12.00
# Visual Studio Version 17
VisualStudioVersion = 17.14.36127.28 d17.14
MinimumVisualStudioVersion = 10.0.40219.1
Project("{FAE04EC0-301F-11D3-BF4B-00C04F79EFBC}") = "MarketBasketAnalysis", "MarketBasketAnalysis.csproj", "{7B7380E5-1496-443A-AAE6-71C1F0748AF2}"
EndProject
Global
	GlobalSection(SolutionConfigurationPlatforms) = preSolution
		Debug|Any CPU = Debug|Any CPU
		Release|Any CPU = Release|Any CPU
	EndGlobalSection
	GlobalSection(ProjectConfigurationPlatforms) = postSolution
		{7B7380E5-1496-443A-AAE6-71C1F0748AF2}.Debug|Any CPU.ActiveCfg = Debug|Any CPU
		{7B7380E5-1496-443A-AAE6-71C1F0748AF2}.Debug|Any CPU.Build.0 = Debug|Any CPU
		{7B7380E5-1496-443A-AAE6-71C1F0748AF2}.Release|Any CPU.ActiveCfg = Release|Any CPU
		{7B7380E5-1496-443A-AAE6-71C1F0748AF2}.Release|Any CPU.Build.0 = Release|Any CPU
	EndGlobalSection
	GlobalSection(SolutionProperties) = preSolution
		HideSolutionNode = FALSE
	EndGlobalSection
	GlobalSection(ExtensibilityGlobals) = postSolution
		SolutionGuid = {AE64C57B-1EB5-4AF5-9AD6-F685F2554BC3}
	EndGlobalSection
EndGlobal
